// !$*UTF8*$!
{
	archiveVersion = 1;
	classes = {
	};
	objectVersion = 50;
	objects = {

/* Begin PBXBuildFile section */
		F97099D2214E578C009DEC43 /* AppDelegate.swift in Sources */ = {isa = PBXBuildFile; fileRef = F97099D1214E578C009DEC43 /* AppDelegate.swift */; };
		F97099D4214E578C009DEC43 /* ViewController.swift in Sources */ = {isa = PBXBuildFile; fileRef = F97099D3214E578C009DEC43 /* ViewController.swift */; };
		F97099D7214E578C009DEC43 /* Main.storyboard in Resources */ = {isa = PBXBuildFile; fileRef = F97099D5214E578C009DEC43 /* Main.storyboard */; };
		F97099D9214E578F009DEC43 /* Assets.xcassets in Resources */ = {isa = PBXBuildFile; fileRef = F97099D8214E578F009DEC43 /* Assets.xcassets */; };
		F97099DC214E578F009DEC43 /* LaunchScreen.storyboard in Resources */ = {isa = PBXBuildFile; fileRef = F97099DA214E578F009DEC43 /* LaunchScreen.storyboard */; };
		F97099E7214E5790009DEC43 /* ItsuDareGameTests.swift in Sources */ = {isa = PBXBuildFile; fileRef = F97099E6214E5790009DEC43 /* ItsuDareGameTests.swift */; };
		F97099F2214E5790009DEC43 /* ItsuDareGameUITests.swift in Sources */ = {isa = PBXBuildFile; fileRef = F97099F1214E5790009DEC43 /* ItsuDareGameUITests.swift */; };
/* End PBXBuildFile section */

/* Begin PBXContainerItemProxy section */
		F97099E3214E5790009DEC43 /* PBXContainerItemProxy */ = {
			isa = PBXContainerItemProxy;
			containerPortal = F97099C6214E578C009DEC43 /* Project object */;
			proxyType = 1;
			remoteGlobalIDString = F97099CD214E578C009DEC43;
			remoteInfo = ItsuDareGame;
		};
		F97099EE214E5790009DEC43 /* PBXContainerItemProxy */ = {
			isa = PBXContainerItemProxy;
			containerPortal = F97099C6214E578C009DEC43 /* Project object */;
			proxyType = 1;
			remoteGlobalIDString = F97099CD214E578C009DEC43;
			remoteInfo = ItsuDareGame;
		};
/* End PBXContainerItemProxy section */

/* Begin PBXFileReference section */
		F97099CE214E578C009DEC43 /* ItsuDareGame.app */ = {isa = PBXFileReference; explicitFileType = wrapper.application; includeInIndex = 0; path = ItsuDareGame.app; sourceTree = BUILT_PRODUCTS_DIR; };
		F97099D1214E578C009DEC43 /* AppDelegate.swift */ = {isa = PBXFileReference; lastKnownFileType = sourcecode.swift; path = AppDelegate.swift; sourceTree = "<group>"; };
		F97099D3214E578C009DEC43 /* ViewController.swift */ = {isa = PBXFileReference; lastKnownFileType = sourcecode.swift; path = ViewController.swift; sourceTree = "<group>"; };
		F97099D6214E578C009DEC43 /* Base */ = {isa = PBXFileReference; lastKnownFileType = file.storyboard; name = Base; path = Base.lproj/Main.storyboard; sourceTree = "<group>"; };
		F97099D8214E578F009DEC43 /* Assets.xcassets */ = {isa = PBXFileReference; lastKnownFileType = folder.assetcatalog; path = Assets.xcassets; sourceTree = "<group>"; };
		F97099DB214E578F009DEC43 /* Base */ = {isa = PBXFileReference; lastKnownFileType = file.storyboard; name = Base; path = Base.lproj/LaunchScreen.storyboard; sourceTree = "<group>"; };
		F97099DD214E578F009DEC43 /* Info.plist */ = {isa = PBXFileReference; lastKnownFileType = text.plist.xml; path = Info.plist; sourceTree = "<group>"; };
		F97099E2214E5790009DEC43 /* ItsuDareGameTests.xctest */ = {isa = PBXFileReference; explicitFileType = wrapper.cfbundle; includeInIndex = 0; path = ItsuDareGameTests.xctest; sourceTree = BUILT_PRODUCTS_DIR; };
		F97099E6214E5790009DEC43 /* ItsuDareGameTests.swift */ = {isa = PBXFileReference; lastKnownFileType = sourcecode.swift; path = ItsuDareGameTests.swift; sourceTree = "<group>"; };
		F97099E8214E5790009DEC43 /* Info.plist */ = {isa = PBXFileReference; lastKnownFileType = text.plist.xml; path = Info.plist; sourceTree = "<group>"; };
		F97099ED214E5790009DEC43 /* ItsuDareGameUITests.xctest */ = {isa = PBXFileReference; explicitFileType = wrapper.cfbundle; includeInIndex = 0; path = ItsuDareGameUITests.xctest; sourceTree = BUILT_PRODUCTS_DIR; };
		F97099F1214E5790009DEC43 /* ItsuDareGameUITests.swift */ = {isa = PBXFileReference; lastKnownFileType = sourcecode.swift; path = ItsuDareGameUITests.swift; sourceTree = "<group>"; };
		F97099F3214E5790009DEC43 /* Info.plist */ = {isa = PBXFileReference; lastKnownFileType = text.plist.xml; path = Info.plist; sourceTree = "<group>"; };
/* End PBXFileReference section */

/* Begin PBXFrameworksBuildPhase section */
		F97099CB214E578C009DEC43 /* Frameworks */ = {
			isa = PBXFrameworksBuildPhase;
			buildActionMask = 2147483647;
			files = (
			);
			runOnlyForDeploymentPostprocessing = 0;
		};
		F97099DF214E5790009DEC43 /* Frameworks */ = {
			isa = PBXFrameworksBuildPhase;
			buildActionMask = 2147483647;
			files = (
			);
			runOnlyForDeploymentPostprocessing = 0;
		};
		F97099EA214E5790009DEC43 /* Frameworks */ = {
			isa = PBXFrameworksBuildPhase;
			buildActionMask = 2147483647;
			files = (
			);
			runOnlyForDeploymentPostprocessing = 0;
		};
/* End PBXFrameworksBuildPhase section */

/* Begin PBXGroup section */
		F97099C5214E578C009DEC43 = {
			isa = PBXGroup;
			children = (
				F97099D0214E578C009DEC43 /* ItsuDareGame */,
				F97099E5214E5790009DEC43 /* ItsuDareGameTests */,
				F97099F0214E5790009DEC43 /* ItsuDareGameUITests */,
				F97099CF214E578C009DEC43 /* Products */,
			);
			sourceTree = "<group>";
		};
		F97099CF214E578C009DEC43 /* Products */ = {
			isa = PBXGroup;
			children = (
				F97099CE214E578C009DEC43 /* ItsuDareGame.app */,
				F97099E2214E5790009DEC43 /* ItsuDareGameTests.xctest */,
				F97099ED214E5790009DEC43 /* ItsuDareGameUITests.xctest */,
			);
			name = Products;
			sourceTree = "<group>";
		};
		F97099D0214E578C009DEC43 /* ItsuDareGame */ = {
			isa = PBXGroup;
			children = (
				F97099D1214E578C009DEC43 /* AppDelegate.swift */,
				F97099D3214E578C009DEC43 /* ViewController.swift */,
				F97099D5214E578C009DEC43 /* Main.storyboard */,
				F97099D8214E578F009DEC43 /* Assets.xcassets */,
				F97099DA214E578F009DEC43 /* LaunchScreen.storyboard */,
				F97099DD214E578F009DEC43 /* Info.plist */,
			);
			path = ItsuDareGame;
			sourceTree = "<group>";
		};
		F97099E5214E5790009DEC43 /* ItsuDareGameTests */ = {
			isa = PBXGroup;
			children = (
				F97099E6214E5790009DEC43 /* ItsuDareGameTests.swift */,
				F97099E8214E5790009DEC43 /* Info.plist */,
			);
			path = ItsuDareGameTests;
			sourceTree = "<group>";
		};
		F97099F0214E5790009DEC43 /* ItsuDareGameUITests */ = {
			isa = PBXGroup;
			children = (
				F97099F1214E5790009DEC43 /* ItsuDareGameUITests.swift */,
				F97099F3214E5790009DEC43 /* Info.plist */,
			);
			path = ItsuDareGameUITests;
			sourceTree = "<group>";
		};
/* End PBXGroup section */

/* Begin PBXNativeTarget section */
		F97099CD214E578C009DEC43 /* ItsuDareGame */ = {
			isa = PBXNativeTarget;
			buildConfigurationList = F97099F6214E5790009DEC43 /* Build configuration list for PBXNativeTarget "ItsuDareGame" */;
			buildPhases = (
				F97099CA214E578C009DEC43 /* Sources */,
				F97099CB214E578C009DEC43 /* Frameworks */,
				F97099CC214E578C009DEC43 /* Resources */,
			);
			buildRules = (
			);
			dependencies = (
			);
			name = ItsuDareGame;
			productName = ItsuDareGame;
			productReference = F97099CE214E578C009DEC43 /* ItsuDareGame.app */;
			productType = "com.apple.product-type.application";
		};
		F97099E1214E5790009DEC43 /* ItsuDareGameTests */ = {
			isa = PBXNativeTarget;
			buildConfigurationList = F97099F9214E5790009DEC43 /* Build configuration list for PBXNativeTarget "ItsuDareGameTests" */;
			buildPhases = (
				F97099DE214E5790009DEC43 /* Sources */,
				F97099DF214E5790009DEC43 /* Frameworks */,
				F97099E0214E5790009DEC43 /* Resources */,
			);
			buildRules = (
			);
			dependencies = (
				F97099E4214E5790009DEC43 /* PBXTargetDependency */,
			);
			name = ItsuDareGameTests;
			productName = ItsuDareGameTests;
			productReference = F97099E2214E5790009DEC43 /* ItsuDareGameTests.xctest */;
			productType = "com.apple.product-type.bundle.unit-test";
		};
		F97099EC214E5790009DEC43 /* ItsuDareGameUITests */ = {
			isa = PBXNativeTarget;
			buildConfigurationList = F97099FC214E5790009DEC43 /* Build configuration list for PBXNativeTarget "ItsuDareGameUITests" */;
			buildPhases = (
				F97099E9214E5790009DEC43 /* Sources */,
				F97099EA214E5790009DEC43 /* Frameworks */,
				F97099EB214E5790009DEC43 /* Resources */,
			);
			buildRules = (
			);
			dependencies = (
				F97099EF214E5790009DEC43 /* PBXTargetDependency */,
			);
			name = ItsuDareGameUITests;
			productName = ItsuDareGameUITests;
			productReference = F97099ED214E5790009DEC43 /* ItsuDareGameUITests.xctest */;
			productType = "com.apple.product-type.bundle.ui-testing";
		};
/* End PBXNativeTarget section */

/* Begin PBXProject section */
		F97099C6214E578C009DEC43 /* Project object */ = {
			isa = PBXProject;
			attributes = {
				LastSwiftUpdateCheck = 0940;
				LastUpgradeCheck = 0940;
				ORGANIZATIONNAME = "ryohei suzuki";
				TargetAttributes = {
					F97099CD214E578C009DEC43 = {
						CreatedOnToolsVersion = 9.4.1;
					};
					F97099E1214E5790009DEC43 = {
						CreatedOnToolsVersion = 9.4.1;
						TestTargetID = F97099CD214E578C009DEC43;
					};
					F97099EC214E5790009DEC43 = {
						CreatedOnToolsVersion = 9.4.1;
						TestTargetID = F97099CD214E578C009DEC43;
					};
				};
			};
			buildConfigurationList = F97099C9214E578C009DEC43 /* Build configuration list for PBXProject "ItsuDareGame" */;
			compatibilityVersion = "Xcode 9.3";
			developmentRegion = en;
			hasScannedForEncodings = 0;
			knownRegions = (
				en,
				Base,
			);
			mainGroup = F97099C5214E578C009DEC43;
			productRefGroup = F97099CF214E578C009DEC43 /* Products */;
			projectDirPath = "";
			projectRoot = "";
			targets = (
				F97099CD214E578C009DEC43 /* ItsuDareGame */,
				F97099E1214E5790009DEC43 /* ItsuDareGameTests */,
				F97099EC214E5790009DEC43 /* ItsuDareGameUITests */,
			);
		};
/* End PBXProject section */

/* Begin PBXResourcesBuildPhase section */
		F97099CC214E578C009DEC43 /* Resources */ = {
			isa = PBXResourcesBuildPhase;
			buildActionMask = 2147483647;
			files = (
				F97099DC214E578F009DEC43 /* LaunchScreen.storyboard in Resources */,
				F97099D9214E578F009DEC43 /* Assets.xcassets in Resources */,
				F97099D7214E578C009DEC43 /* Main.storyboard in Resources */,
			);
			runOnlyForDeploymentPostprocessing = 0;
		};
		F97099E0214E5790009DEC43 /* Resources */ = {
			isa = PBXResourcesBuildPhase;
			buildActionMask = 2147483647;
			files = (
			);
			runOnlyForDeploymentPostprocessing = 0;
		};
		F97099EB214E5790009DEC43 /* Resources */ = {
			isa = PBXResourcesBuildPhase;
			buildActionMask = 2147483647;
			files = (
			);
			runOnlyForDeploymentPostprocessing = 0;
		};
/* End PBXResourcesBuildPhase section */

/* Begin PBXSourcesBuildPhase section */
		F97099CA214E578C009DEC43 /* Sources */ = {
			isa = PBXSourcesBuildPhase;
			buildActionMask = 2147483647;
			files = (
				F97099D4214E578C009DEC43 /* ViewController.swift in Sources */,
				F97099D2214E578C009DEC43 /* AppDelegate.swift in Sources */,
			);
			runOnlyForDeploymentPostprocessing = 0;
		};
		F97099DE214E5790009DEC43 /* Sources */ = {
			isa = PBXSourcesBuildPhase;
			buildActionMask = 2147483647;
			files = (
				F97099E7214E5790009DEC43 /* ItsuDareGameTests.swift in Sources */,
			);
			runOnlyForDeploymentPostprocessing = 0;
		};
		F97099E9214E5790009DEC43 /* Sources */ = {
			isa = PBXSourcesBuildPhase;
			buildActionMask = 2147483647;
			files = (
				F97099F2214E5790009DEC43 /* ItsuDareGameUITests.swift in Sources */,
			);
			runOnlyForDeploymentPostprocessing = 0;
		};
/* End PBXSourcesBuildPhase section */

/* Begin PBXTargetDependency section */
		F97099E4214E5790009DEC43 /* PBXTargetDependency */ = {
			isa = PBXTargetDependency;
			target = F97099CD214E578C009DEC43 /* ItsuDareGame */;
			targetProxy = F97099E3214E5790009DEC43 /* PBXContainerItemProxy */;
		};
		F97099EF214E5790009DEC43 /* PBXTargetDependency */ = {
			isa = PBXTargetDependency;
			target = F97099CD214E578C009DEC43 /* ItsuDareGame */;
			targetProxy = F97099EE214E5790009DEC43 /* PBXContainerItemProxy */;
		};
/* End PBXTargetDependency section */

/* Begin PBXVariantGroup section */
		F97099D5214E578C009DEC43 /* Main.storyboard */ = {
			isa = PBXVariantGroup;
			children = (
				F97099D6214E578C009DEC43 /* Base */,
			);
			name = Main.storyboard;
			sourceTree = "<group>";
		};
		F97099DA214E578F009DEC43 /* LaunchScreen.storyboard */ = {
			isa = PBXVariantGroup;
			children = (
				F97099DB214E578F009DEC43 /* Base */,
			);
			name = LaunchScreen.storyboard;
			sourceTree = "<group>";
		};
/* End PBXVariantGroup section */

/* Begin XCBuildConfiguration section */
		F97099F4214E5790009DEC43 /* Debug */ = {
			isa = XCBuildConfiguration;
			buildSettings = {
				ALWAYS_SEARCH_USER_PATHS = NO;
				CLANG_ANALYZER_NONNULL = YES;
				CLANG_ANALYZER_NUMBER_OBJECT_CONVERSION = YES_AGGRESSIVE;
				CLANG_CXX_LANGUAGE_STANDARD = "gnu++14";
				CLANG_CXX_LIBRARY = "libc++";
				CLANG_ENABLE_MODULES = YES;
				CLANG_ENABLE_OBJC_ARC = YES;
				CLANG_ENABLE_OBJC_WEAK = YES;
				CLANG_WARN_BLOCK_CAPTURE_AUTORELEASING = YES;
				CLANG_WARN_BOOL_CONVERSION = YES;
				CLANG_WARN_COMMA = YES;
				CLANG_WARN_CONSTANT_CONVERSION = YES;
				CLANG_WARN_DEPRECATED_OBJC_IMPLEMENTATIONS = YES;
				CLANG_WARN_DIRECT_OBJC_ISA_USAGE = YES_ERROR;
				CLANG_WARN_DOCUMENTATION_COMMENTS = YES;
				CLANG_WARN_EMPTY_BODY = YES;
				CLANG_WARN_ENUM_CONVERSION = YES;
				CLANG_WARN_INFINITE_RECURSION = YES;
				CLANG_WARN_INT_CONVERSION = YES;
				CLANG_WARN_NON_LITERAL_NULL_CONVERSION = YES;
				CLANG_WARN_OBJC_IMPLICIT_RETAIN_SELF = YES;
				CLANG_WARN_OBJC_LITERAL_CONVERSION = YES;
				CLANG_WARN_OBJC_ROOT_CLASS = YES_ERROR;
				CLANG_WARN_RANGE_LOOP_ANALYSIS = YES;
				CLANG_WARN_STRICT_PROTOTYPES = YES;
				CLANG_WARN_SUSPICIOUS_MOVE = YES;
				CLANG_WARN_UNGUARDED_AVAILABILITY = YES_AGGRESSIVE;
				CLANG_WARN_UNREACHABLE_CODE = YES;
				CLANG_WARN__DUPLICATE_METHOD_MATCH = YES;
				CODE_SIGN_IDENTITY = "iPhone Developer";
				COPY_PHASE_STRIP = NO;
				DEBUG_INFORMATION_FORMAT = dwarf;
				ENABLE_STRICT_OBJC_MSGSEND = YES;
				ENABLE_TESTABILITY = YES;
				GCC_C_LANGUAGE_STANDARD = gnu11;
				GCC_DYNAMIC_NO_PIC = NO;
				GCC_NO_COMMON_BLOCKS = YES;
				GCC_OPTIMIZATION_LEVEL = 0;
				GCC_PREPROCESSOR_DEFINITIONS = (
					"DEBUG=1",
					"$(inherited)",
				);
				GCC_WARN_64_TO_32_BIT_CONVERSION = YES;
				GCC_WARN_ABOUT_RETURN_TYPE = YES_ERROR;
				GCC_WARN_UNDECLARED_SELECTOR = YES;
				GCC_WARN_UNINITIALIZED_AUTOS = YES_AGGRESSIVE;
				GCC_WARN_UNUSED_FUNCTION = YES;
				GCC_WARN_UNUSED_VARIABLE = YES;
				IPHONEOS_DEPLOYMENT_TARGET = 11.4;
				MTL_ENABLE_DEBUG_INFO = YES;
				ONLY_ACTIVE_ARCH = YES;
				SDKROOT = iphoneos;
				SWIFT_ACTIVE_COMPILATION_CONDITIONS = DEBUG;
				SWIFT_OPTIMIZATION_LEVEL = "-Onone";
			};
			name = Debug;
		};
		F97099F5214E5790009DEC43 /* Release */ = {
			isa = XCBuildConfiguration;
			buildSettings = {
				ALWAYS_SEARCH_USER_PATHS = NO;
				CLANG_ANALYZER_NONNULL = YES;
				CLANG_ANALYZER_NUMBER_OBJECT_CONVERSION = YES_AGGRESSIVE;
				CLANG_CXX_LANGUAGE_STANDARD = "gnu++14";
				CLANG_CXX_LIBRARY = "libc++";
				CLANG_ENABLE_MODULES = YES;
				CLANG_ENABLE_OBJC_ARC = YES;
				CLANG_ENABLE_OBJC_WEAK = YES;
				CLANG_WARN_BLOCK_CAPTURE_AUTORELEASING = YES;
				CLANG_WARN_BOOL_CONVERSION = YES;
				CLANG_WARN_COMMA = YES;
				CLANG_WARN_CONSTANT_CONVERSION = YES;
				CLANG_WARN_DEPRECATED_OBJC_IMPLEMENTATIONS = YES;
				CLANG_WARN_DIRECT_OBJC_ISA_USAGE = YES_ERROR;
				CLANG_WARN_DOCUMENTATION_COMMENTS = YES;
				CLANG_WARN_EMPTY_BODY = YES;
				CLANG_WARN_ENUM_CONVERSION = YES;
				CLANG_WARN_INFINITE_RECURSION = YES;
				CLANG_WARN_INT_CONVERSION = YES;
				CLANG_WARN_NON_LITERAL_NULL_CONVERSION = YES;
				CLANG_WARN_OBJC_IMPLICIT_RETAIN_SELF = YES;
				CLANG_WARN_OBJC_LITERAL_CONVERSION = YES;
				CLANG_WARN_OBJC_ROOT_CLASS = YES_ERROR;
				CLANG_WARN_RANGE_LOOP_ANALYSIS = YES;
				CLANG_WARN_STRICT_PROTOTYPES = YES;
				CLANG_WARN_SUSPICIOUS_MOVE = YES;
				CLANG_WARN_UNGUARDED_AVAILABILITY = YES_AGGRESSIVE;
				CLANG_WARN_UNREACHABLE_CODE = YES;
				CLANG_WARN__DUPLICATE_METHOD_MATCH = YES;
				CODE_SIGN_IDENTITY = "iPhone Developer";
				COPY_PHASE_STRIP = NO;
				DEBUG_INFORMATION_FORMAT = "dwarf-with-dsym";
				ENABLE_NS_ASSERTIONS = NO;
				ENABLE_STRICT_OBJC_MSGSEND = YES;
				GCC_C_LANGUAGE_STANDARD = gnu11;
				GCC_NO_COMMON_BLOCKS = YES;
				GCC_WARN_64_TO_32_BIT_CONVERSION = YES;
				GCC_WARN_ABOUT_RETURN_TYPE = YES_ERROR;
				GCC_WARN_UNDECLARED_SELECTOR = YES;
				GCC_WARN_UNINITIALIZED_AUTOS = YES_AGGRESSIVE;
				GCC_WARN_UNUSED_FUNCTION = YES;
				GCC_WARN_UNUSED_VARIABLE = YES;
				IPHONEOS_DEPLOYMENT_TARGET = 11.4;
				MTL_ENABLE_DEBUG_INFO = NO;
				SDKROOT = iphoneos;
				SWIFT_COMPILATION_MODE = wholemodule;
				SWIFT_OPTIMIZATION_LEVEL = "-O";
				VALIDATE_PRODUCT = YES;
			};
			name = Release;
		};
		F97099F7214E5790009DEC43 /* Debug */ = {
			isa = XCBuildConfiguration;
			buildSettings = {
				ASSETCATALOG_COMPILER_APPICON_NAME = AppIcon;
				CODE_SIGN_STYLE = Automatic;
				INFOPLIST_FILE = ItsuDareGame/Info.plist;
				LD_RUNPATH_SEARCH_PATHS = (
					"$(inherited)",
					"@executable_path/Frameworks",
				);
				PRODUCT_BUNDLE_IDENTIFIER = com.RSUZUKI.ItsuDareGame;
				PRODUCT_NAME = "$(TARGET_NAME)";
				SWIFT_VERSION = 4.0;
				TARGETED_DEVICE_FAMILY = "1,2";
			};
			name = Debug;
		};
		F97099F8214E5790009DEC43 /* Release */ = {
			isa = XCBuildConfiguration;
			buildSettings = {
				ASSETCATALOG_COMPILER_APPICON_NAME = AppIcon;
				CODE_SIGN_STYLE = Automatic;
				INFOPLIST_FILE = ItsuDareGame/Info.plist;
				LD_RUNPATH_SEARCH_PATHS = (
					"$(inherited)",
					"@executable_path/Frameworks",
				);
				PRODUCT_BUNDLE_IDENTIFIER = com.RSUZUKI.ItsuDareGame;
				PRODUCT_NAME = "$(TARGET_NAME)";
				SWIFT_VERSION = 4.0;
				TARGETED_DEVICE_FAMILY = "1,2";
			};
			name = Release;
		};
		F97099FA214E5790009DEC43 /* Debug */ = {
			isa = XCBuildConfiguration;
			buildSettings = {
				ALWAYS_EMBED_SWIFT_STANDARD_LIBRARIES = YES;
				BUNDLE_LOADER = "$(TEST_HOST)";
				CODE_SIGN_STYLE = Automatic;
				INFOPLIST_FILE = ItsuDareGameTests/Info.plist;
				LD_RUNPATH_SEARCH_PATHS = (
					"$(inherited)",
					"@executable_path/Frameworks",
					"@loader_path/Frameworks",
				);
				PRODUCT_BUNDLE_IDENTIFIER = com.RSUZUKI.ItsuDareGameTests;
				PRODUCT_NAME = "$(TARGET_NAME)";
				SWIFT_VERSION = 4.0;
				TARGETED_DEVICE_FAMILY = "1,2";
				TEST_HOST = "$(BUILT_PRODUCTS_DIR)/ItsuDareGame.app/ItsuDareGame";
			};
			name = Debug;
		};
		F97099FB214E5790009DEC43 /* Release */ = {
			isa = XCBuildConfiguration;
			buildSettings = {
				ALWAYS_EMBED_SWIFT_STANDARD_LIBRARIES = YES;
				BUNDLE_LOADER = "$(TEST_HOST)";
				CODE_SIGN_STYLE = Automatic;
				INFOPLIST_FILE = ItsuDareGameTests/Info.plist;
				LD_RUNPATH_SEARCH_PATHS = (
					"$(inherited)",
					"@executable_path/Frameworks",
					"@loader_path/Frameworks",
				);
				PRODUCT_BUNDLE_IDENTIFIER = com.RSUZUKI.ItsuDareGameTests;
				PRODUCT_NAME = "$(TARGET_NAME)";
				SWIFT_VERSION = 4.0;
				TARGETED_DEVICE_FAMILY = "1,2";
				TEST_HOST = "$(BUILT_PRODUCTS_DIR)/ItsuDareGame.app/ItsuDareGame";
			};
			name = Release;
		};
		F97099FD214E5790009DEC43 /* Debug */ = {
			isa = XCBuildConfiguration;
			buildSettings = {
				ALWAYS_EMBED_SWIFT_STANDARD_LIBRARIES = YES;
				CODE_SIGN_STYLE = Automatic;
				INFOPLIST_FILE = ItsuDareGameUITests/Info.plist;
				LD_RUNPATH_SEARCH_PATHS = (
					"$(inherited)",
					"@executable_path/Frameworks",
					"@loader_path/Frameworks",
				);
				PRODUCT_BUNDLE_IDENTIFIER = com.RSUZUKI.ItsuDareGameUITests;
				PRODUCT_NAME = "$(TARGET_NAME)";
				SWIFT_VERSION = 4.0;
				TARGETED_DEVICE_FAMILY = "1,2";
				TEST_TARGET_NAME = ItsuDareGame;
			};
			name = Debug;
		};
		F97099FE214E5790009DEC43 /* Release */ = {
			isa = XCBuildConfiguration;
			buildSettings = {
				ALWAYS_EMBED_SWIFT_STANDARD_LIBRARIES = YES;
				CODE_SIGN_STYLE = Automatic;
				INFOPLIST_FILE = ItsuDareGameUITests/Info.plist;
				LD_RUNPATH_SEARCH_PATHS = (
					"$(inherited)",
					"@executable_path/Frameworks",
					"@loader_path/Frameworks",
				);
				PRODUCT_BUNDLE_IDENTIFIER = com.RSUZUKI.ItsuDareGameUITests;
				PRODUCT_NAME = "$(TARGET_NAME)";
				SWIFT_VERSION = 4.0;
				TARGETED_DEVICE_FAMILY = "1,2";
				TEST_TARGET_NAME = ItsuDareGame;
			};
			name = Release;
		};
/* End XCBuildConfiguration section */

/* Begin XCConfigurationList section */
		F97099C9214E578C009DEC43 /* Build configuration list for PBXProject "ItsuDareGame" */ = {
			isa = XCConfigurationList;
			buildConfigurations = (
				F97099F4214E5790009DEC43 /* Debug */,
				F97099F5214E5790009DEC43 /* Release */,
			);
			defaultConfigurationIsVisible = 0;
			defaultConfigurationName = Release;
		};
		F97099F6214E5790009DEC43 /* Build configuration list for PBXNativeTarget "ItsuDareGame" */ = {
			isa = XCConfigurationList;
			buildConfigurations = (
				F97099F7214E5790009DEC43 /* Debug */,
				F97099F8214E5790009DEC43 /* Release */,
			);
			defaultConfigurationIsVisible = 0;
			defaultConfigurationName = Release;
		};
		F97099F9214E5790009DEC43 /* Build configuration list for PBXNativeTarget "ItsuDareGameTests" */ = {
			isa = XCConfigurationList;
			buildConfigurations = (
				F97099FA214E5790009DEC43 /* Debug */,
				F97099FB214E5790009DEC43 /* Release */,
			);
			defaultConfigurationIsVisible = 0;
			defaultConfigurationName = Release;
		};
		F97099FC214E5790009DEC43 /* Build configuration list for PBXNativeTarget "ItsuDareGameUITests" */ = {
			isa = XCConfigurationList;
			buildConfigurations = (
				F97099FD214E5790009DEC43 /* Debug */,
				F97099FE214E5790009DEC43 /* Release */,
			);
			defaultConfigurationIsVisible = 0;
			defaultConfigurationName = Release;
		};
/* End XCConfigurationList section */
	};
	rootObject = F97099C6214E578C009DEC43 /* Project object */;
}
